
Microsoft Visual Studio Solution File, Format Version 12.00
# Visual Studio 15
Project("{FAE04EC0-301F-11D3-BF4B-00C04F79EFBC}") = "COC---Rouge-U2D", "Assembly-CSharp.csproj", "{C6C9049D-C7E7-6B16-2A8C-E8612A6E1BDD}"
EndProject
Project("{FAE04EC0-301F-11D3-BF4B-00C04F79EFBC}") = "COC---Rouge-U2D", "Assembly-CSharp-Editor.csproj", "{417155AF-95A7-E913-C8BC-BF7749F16316}"
EndProject
Global
	GlobalSection(SolutionConfigurationPlatforms) = preSolution
		Debug|Any CPU = Debug|Any CPU
		Release|Any CPU = Release|Any CPU
	EndGlobalSection
	GlobalSection(ProjectConfigurationPlatforms) = postSolution
		{C6C9049D-C7E7-6B16-2A8C-E8612A6E1BDD}.Debug|Any CPU.ActiveCfg = Debug|Any CPU
		{C6C9049D-C7E7-6B16-2A8C-E8612A6E1BDD}.Debug|Any CPU.Build.0 = Debug|Any CPU
		{C6C9049D-C7E7-6B16-2A8C-E8612A6E1BDD}.Release|Any CPU.ActiveCfg = Release|Any CPU
		{C6C9049D-C7E7-6B16-2A8C-E8612A6E1BDD}.Release|Any CPU.Build.0 = Release|Any CPU
		{417155AF-95A7-E913-C8BC-BF7749F16316}.Debug|Any CPU.ActiveCfg = Debug|Any CPU
		{417155AF-95A7-E913-C8BC-BF7749F16316}.Debug|Any CPU.Build.0 = Debug|Any CPU
		{417155AF-95A7-E913-C8BC-BF7749F16316}.Release|Any CPU.ActiveCfg = Release|Any CPU
		{417155AF-95A7-E913-C8BC-BF7749F16316}.Release|Any CPU.Build.0 = Release|Any CPU
	EndGlobalSection
	GlobalSection(SolutionProperties) = preSolution
		HideSolutionNode = FALSE
	EndGlobalSection
EndGlobal
